// !$*UTF8*$!
{
	archiveVersion = 1;
	classes = {
	};
	objectVersion = 46;
	objects = {

/* Begin PBXBuildFile section */
		F60B08E31BD8DD7600C7B742 /* main.cpp in Sources */ = {isa = PBXBuildFile; fileRef = F60B08E21BD8DD7600C7B742 /* main.cpp */; };
/* End PBXBuildFile section */

/* Begin PBXCopyFilesBuildPhase section */
		F60B08DD1BD8DD7600C7B742 /* CopyFiles */ = {
			isa = PBXCopyFilesBuildPhase;
			buildActionMask = 2147483647;
			dstPath = /usr/share/man/man1/;
			dstSubfolderSpec = 0;
			files = (
			);
			runOnlyForDeploymentPostprocessing = 1;
		};
/* End PBXCopyFilesBuildPhase section */

/* Begin PBXFileReference section */
		F60B08DF1BD8DD7600C7B742 /* tracechecker */ = {isa = PBXFileReference; explicitFileType = "compiled.mach-o.executable"; includeInIndex = 0; path = tracechecker; sourceTree = BUILT_PRODUCTS_DIR; };
		F60B08E21BD8DD7600C7B742 /* main.cpp */ = {isa = PBXFileReference; lastKnownFileType = sourcecode.cpp.cpp; path = main.cpp; sourceTree = "<group>"; };
/* End PBXFileReference section */

/* Begin PBXFrameworksBuildPhase section */
		F60B08DC1BD8DD7600C7B742 /* Frameworks */ = {
			isa = PBXFrameworksBuildPhase;
			buildActionMask = 2147483647;
			files = (
			);
			runOnlyForDeploymentPostprocessing = 0;
		};
/* End PBXFrameworksBuildPhase section */

/* Begin PBXGroup section */
		F60B08D61BD8DD7600C7B742 = {
			isa = PBXGroup;
			children = (
				F60B08E11BD8DD7600C7B742 /* tracechecker */,
				F60B08E01BD8DD7600C7B742 /* Products */,
			);
			sourceTree = "<group>";
		};
		F60B08E01BD8DD7600C7B742 /* Products */ = {
			isa = PBXGroup;
			children = (
				F60B08DF1BD8DD7600C7B742 /* tracechecker */,
			);
			name = Products;
			sourceTree = "<group>";
		};
		F60B08E11BD8DD7600C7B742 /* tracechecker */ = {
			isa = PBXGroup;
			children = (
				F60B08E21BD8DD7600C7B742 /* main.cpp */,
			);
			path = tracechecker;
			sourceTree = "<group>";
		};
/* End PBXGroup section */

/* Begin PBXNativeTarget section */
		F60B08DE1BD8DD7600C7B742 /* tracechecker */ = {
			isa = PBXNativeTarget;
			buildConfigurationList = F60B08E61BD8DD7600C7B742 /* Build configuration list for PBXNativeTarget "tracechecker" */;
			buildPhases = (
				F60B08DB1BD8DD7600C7B742 /* Sources */,
				F60B08DC1BD8DD7600C7B742 /* Frameworks */,
				F60B08DD1BD8DD7600C7B742 /* CopyFiles */,
			);
			buildRules = (
			);
			dependencies = (
			);
			name = tracechecker;
			productName = tracechecker;
			productReference = F60B08DF1BD8DD7600C7B742 /* tracechecker */;
			productType = "com.apple.product-type.tool";
		};
/* End PBXNativeTarget section */

/* Begin PBXProject section */
		F60B08D71BD8DD7600C7B742 /* Project object */ = {
			isa = PBXProject;
			attributes = {
				LastUpgradeCheck = 0700;
				ORGANIZATIONNAME = "Ali Sezgin";
				TargetAttributes = {
					F60B08DE1BD8DD7600C7B742 = {
						CreatedOnToolsVersion = 7.0.1;
					};
				};
			};
			buildConfigurationList = F60B08DA1BD8DD7600C7B742 /* Build configuration list for PBXProject "tracechecker" */;
			compatibilityVersion = "Xcode 3.2";
			developmentRegion = English;
			hasScannedForEncodings = 0;
			knownRegions = (
				en,
			);
			mainGroup = F60B08D61BD8DD7600C7B742;
			productRefGroup = F60B08E01BD8DD7600C7B742 /* Products */;
			projectDirPath = "";
			projectRoot = "";
			targets = (
				F60B08DE1BD8DD7600C7B742 /* tracechecker */,
			);
		};
/* End PBXProject section */

/* Begin PBXSourcesBuildPhase section */
		F60B08DB1BD8DD7600C7B742 /* Sources */ = {
			isa = PBXSourcesBuildPhase;
			buildActionMask = 2147483647;
			files = (
				F60B08E31BD8DD7600C7B742 /* main.cpp in Sources */,
			);
			runOnlyForDeploymentPostprocessing = 0;
		};
/* End PBXSourcesBuildPhase section */

/* Begin XCBuildConfiguration section */
		F60B08E41BD8DD7600C7B742 /* Debug */ = {
			isa = XCBuildConfiguration;
			buildSettings = {
				ALWAYS_SEARCH_USER_PATHS = NO;
				CLANG_CXX_LANGUAGE_STANDARD = "gnu++0x";
				CLANG_CXX_LIBRARY = "libc++";
				CLANG_ENABLE_MODULES = YES;
				CLANG_ENABLE_OBJC_ARC = YES;
				CLANG_WARN_BOOL_CONVERSION = YES;
				CLANG_WARN_CONSTANT_CONVERSION = YES;
				CLANG_WARN_DIRECT_OBJC_ISA_USAGE = YES_ERROR;
				CLANG_WARN_EMPTY_BODY = YES;
				CLANG_WARN_ENUM_CONVERSION = YES;
				CLANG_WARN_INT_CONVERSION = YES;
				CLANG_WARN_OBJC_ROOT_CLASS = YES_ERROR;
				CLANG_WARN_UNREACHABLE_CODE = YES;
				CLANG_WARN__DUPLICATE_METHOD_MATCH = YES;
				COPY_PHASE_STRIP = NO;
				DEBUG_INFORMATION_FORMAT = dwarf;
				ENABLE_STRICT_OBJC_MSGSEND = YES;
				ENABLE_TESTABILITY = YES;
				GCC_C_LANGUAGE_STANDARD = gnu99;
				GCC_DYNAMIC_NO_PIC = NO;
				GCC_NO_COMMON_BLOCKS = YES;
				GCC_OPTIMIZATION_LEVEL = 0;
				GCC_PREPROCESSOR_DEFINITIONS = (
					"DEBUG=1",
					"$(inherited)",
				);
				GCC_WARN_64_TO_32_BIT_CONVERSION = YES;
				GCC_WARN_ABOUT_RETURN_TYPE = YES_ERROR;
				GCC_WARN_UNDECLARED_SELECTOR = YES;
				GCC_WARN_UNINITIALIZED_AUTOS = YES_AGGRESSIVE;
				GCC_WARN_UNUSED_FUNCTION = YES;
				GCC_WARN_UNUSED_VARIABLE = YES;
				MACOSX_DEPLOYMENT_TARGET = 10.11;
				MTL_ENABLE_DEBUG_INFO = YES;
				ONLY_ACTIVE_ARCH = YES;
				SDKROOT = macosx;
			};
			name = Debug;
		};
		F60B08E51BD8DD7600C7B742 /* Release */ = {
			isa = XCBuildConfiguration;
			buildSettings = {
				ALWAYS_SEARCH_USER_PATHS = NO;
				CLANG_CXX_LANGUAGE_STANDARD = "gnu++0x";
				CLANG_CXX_LIBRARY = "libc++";
				CLANG_ENABLE_MODULES = YES;
				CLANG_ENABLE_OBJC_ARC = YES;
				CLANG_WARN_BOOL_CONVERSION = YES;
				CLANG_WARN_CONSTANT_CONVERSION = YES;
				CLANG_WARN_DIRECT_OBJC_ISA_USAGE = YES_ERROR;
				CLANG_WARN_EMPTY_BODY = YES;
				CLANG_WARN_ENUM_CONVERSION = YES;
				CLANG_WARN_INT_CONVERSION = YES;
				CLANG_WARN_OBJC_ROOT_CLASS = YES_ERROR;
				CLANG_WARN_UNREACHABLE_CODE = YES;
				CLANG_WARN__DUPLICATE_METHOD_MATCH = YES;
				COPY_PHASE_STRIP = NO;
				DEBUG_INFORMATION_FORMAT = "dwarf-with-dsym";
				ENABLE_NS_ASSERTIONS = NO;
				ENABLE_STRICT_OBJC_MSGSEND = YES;
				GCC_C_LANGUAGE_STANDARD = gnu99;
				GCC_NO_COMMON_BLOCKS = YES;
				GCC_WARN_64_TO_32_BIT_CONVERSION = YES;
				GCC_WARN_ABOUT_RETURN_TYPE = YES_ERROR;
				GCC_WARN_UNDECLARED_SELECTOR = YES;
				GCC_WARN_UNINITIALIZED_AUTOS = YES_AGGRESSIVE;
				GCC_WARN_UNUSED_FUNCTION = YES;
				GCC_WARN_UNUSED_VARIABLE = YES;
				MACOSX_DEPLOYMENT_TARGET = 10.11;
				MTL_ENABLE_DEBUG_INFO = NO;
				SDKROOT = macosx;
			};
			name = Release;
		};
		F60B08E71BD8DD7600C7B742 /* Debug */ = {
			isa = XCBuildConfiguration;
			buildSettings = {
				PRODUCT_NAME = "$(TARGET_NAME)";
			};
			name = Debug;
		};
		F60B08E81BD8DD7600C7B742 /* Release */ = {
			isa = XCBuildConfiguration;
			buildSettings = {
				PRODUCT_NAME = "$(TARGET_NAME)";
			};
			name = Release;
		};
/* End XCBuildConfiguration section */

/* Begin XCConfigurationList section */
		F60B08DA1BD8DD7600C7B742 /* Build configuration list for PBXProject "tracechecker" */ = {
			isa = XCConfigurationList;
			buildConfigurations = (
				F60B08E41BD8DD7600C7B742 /* Debug */,
				F60B08E51BD8DD7600C7B742 /* Release */,
			);
			defaultConfigurationIsVisible = 0;
			defaultConfigurationName = Release;
		};
		F60B08E61BD8DD7600C7B742 /* Build configuration list for PBXNativeTarget "tracechecker" */ = {
			isa = XCConfigurationList;
			buildConfigurations = (
				F60B08E71BD8DD7600C7B742 /* Debug */,
				F60B08E81BD8DD7600C7B742 /* Release */,
			);
			defaultConfigurationIsVisible = 0;
		};
/* End XCConfigurationList section */
	};
	rootObject = F60B08D71BD8DD7600C7B742 /* Project object */;
}
